Microsoft Visual Studio Solution File, Format Version 12.00
# Visual Studio Version 17
VisualStudioVersion = 17.2.32630.192
MinimumVisualStudioVersion = 10.0.40219.1
Project("{F184B08F-C81C-45F6-A57F-5ABD9991F28F}") = "MyCore", "MyCore.vbproj", "{395A087D-53A5-4AE1-BA8E-F8243C223B8D}"
EndProject
Global
	GlobalSection(SolutionConfigurationPlatforms) = preSolution
		Debug|Any CPU = Debug|Any CPU
		Release|Any CPU = Release|Any CPU
	EndGlobalSection
	GlobalSection(ProjectConfigurationPlatforms) = postSolution
		{395A087D-53A5-4AE1-BA8E-F8243C223B8D}.Debug|Any CPU.ActiveCfg = Debug|Any CPU
		{395A087D-53A5-4AE1-BA8E-F8243C223B8D}.Debug|Any CPU.Build.0 = Debug|Any CPU
		{395A087D-53A5-4AE1-BA8E-F8243C223B8D}.Release|Any CPU.ActiveCfg = Release|Any CPU
		{395A087D-53A5-4AE1-BA8E-F8243C223B8D}.Release|Any CPU.Build.0 = Release|Any CPU
	EndGlobalSection
	GlobalSection(SolutionProperties) = preSolution
		HideSolutionNode = FALSE
	EndGlobalSection
	GlobalSection(ExtensibilityGlobals) = postSolution
		SolutionGuid = {B3892E7C-0910-416A-A984-6A2A27FF8E44}
	EndGlobalSection
EndGlobal
